# Locked runtime dependencies for image builds (pin to avoid resolver churn)
fastapi==0.115.0
uvicorn[standard]==0.30.6
python-multipart==0.0.9
pillow==10.4.0
tqdm==4.66.4
opencv-python-headless==4.10.0.84
ultralytics==8.3.30
insightface==0.7.3
onnxruntime-gpu==1.15.1
timm==0.9.16
smplx==0.1.28
pydantic==2.7.4
numpy==1.26.4
hydra-core==1.3.2
omegaconf==2.3.0
